
Microsoft Visual Studio Solution File, Format Version 12.00
# Visual Studio Version 16
VisualStudioVersion = 16.0.29324.140
MinimumVisualStudioVersion = 10.0.40219.1
Project("{9A19103F-16F7-4668-BE54-9A1E7A4F7556}") = "CognitiveServices.Explorer.Web", "CognitiveServices.Explorer.Web\CognitiveServices.Explorer.Web.csproj", "{747E4626-063A-48E5-831B-DC3E8921B2FA}"
EndProject
Project("{9A19103F-16F7-4668-BE54-9A1E7A4F7556}") = "CognitiveServices.Explorer.Domain", "CognitiveServices.Explorer.Domain\CognitiveServices.Explorer.Domain.csproj", "{CEAF3150-043A-4163-AF6F-667DFC29C80C}"
EndProject
Global
	GlobalSection(SolutionConfigurationPlatforms) = preSolution
		Debug|Any CPU = Debug|Any CPU
		Release|Any CPU = Release|Any CPU
	EndGlobalSection
	GlobalSection(ProjectConfigurationPlatforms) = postSolution
		{747E4626-063A-48E5-831B-DC3E8921B2FA}.Debug|Any CPU.ActiveCfg = Debug|Any CPU
		{747E4626-063A-48E5-831B-DC3E8921B2FA}.Debug|Any CPU.Build.0 = Debug|Any CPU
		{747E4626-063A-48E5-831B-DC3E8921B2FA}.Release|Any CPU.ActiveCfg = Release|Any CPU
		{747E4626-063A-48E5-831B-DC3E8921B2FA}.Release|Any CPU.Build.0 = Release|Any CPU
		{CEAF3150-043A-4163-AF6F-667DFC29C80C}.Debug|Any CPU.ActiveCfg = Debug|Any CPU
		{CEAF3150-043A-4163-AF6F-667DFC29C80C}.Debug|Any CPU.Build.0 = Debug|Any CPU
		{CEAF3150-043A-4163-AF6F-667DFC29C80C}.Release|Any CPU.ActiveCfg = Release|Any CPU
		{CEAF3150-043A-4163-AF6F-667DFC29C80C}.Release|Any CPU.Build.0 = Release|Any CPU
	EndGlobalSection
	GlobalSection(SolutionProperties) = preSolution
		HideSolutionNode = FALSE
	EndGlobalSection
	GlobalSection(ExtensibilityGlobals) = postSolution
		SolutionGuid = {73356F3B-DE1F-4484-942A-5762F596E1CD}
	EndGlobalSection
EndGlobal
