
Microsoft Visual Studio Solution File, Format Version 12.00
# Visual Studio Version 16
VisualStudioVersion = 16.0.29324.140
MinimumVisualStudioVersion = 10.0.40219.1
Project("{9A19103F-16F7-4668-BE54-9A1E7A4F7556}") = "CognitiveServices.Explorer.Web", "CognitiveServices.Explorer.Web\CognitiveServices.Explorer.Web.csproj", "{747E4626-063A-48E5-831B-DC3E8921B2FA}"
EndProject
Project("{9A19103F-16F7-4668-BE54-9A1E7A4F7556}") = "CognitiveServices.Explorer.Domain", "CognitiveServices.Explorer.Domain\CognitiveServices.Explorer.Domain.csproj", "{CEAF3150-043A-4163-AF6F-667DFC29C80C}"
EndProject
Project("{9A19103F-16F7-4668-BE54-9A1E7A4F7556}") = "CognitiveServices.Explorer.Application", "CognitiveServices.Explorer.Application\CognitiveServices.Explorer.Application.csproj", "{B67A648C-53F9-469D-B122-0F675B6745F6}"
EndProject
Project("{9A19103F-16F7-4668-BE54-9A1E7A4F7556}") = "CognitiveServices.Explorer.Application.Tests", "CognitiveServices.Explorer.Application.Tests\CognitiveServices.Explorer.Application.Tests.csproj", "{F78F1C73-AFC1-42EA-BA6C-DCC4D6A9C4A4}"
EndProject
Project("{2150E333-8FDC-42A3-9474-1A3956D46DE8}") = "GitHubContent", "GitHubContent", "{D203B4F6-3805-48C2-BB18-17A825EAD7A8}"
	ProjectSection(SolutionItems) = preProject
		..\..\.gitignore = ..\..\.gitignore
		..\..\publish-github-pages.ps1 = ..\..\publish-github-pages.ps1
		..\..\README.md = ..\..\README.md
	EndProjectSection
EndProject
Project("{2150E333-8FDC-42A3-9474-1A3956D46DE8}") = "images", "images", "{9D5B62E1-B14E-4E83-B919-1826F82904CC}"
	ProjectSection(SolutionItems) = preProject
		..\..\android-chrome-192x192.png = ..\..\android-chrome-192x192.png
		..\..\android-chrome-512x512.png = ..\..\android-chrome-512x512.png
		..\..\apple-touch-icon.png = ..\..\apple-touch-icon.png
	EndProjectSection
EndProject
Project("{2150E333-8FDC-42A3-9474-1A3956D46DE8}") = "Solution Items", "Solution Items", "{CC708385-7816-481E-82C3-C64FFE960425}"
	ProjectSection(SolutionItems) = preProject
		.editorconfig = .editorconfig
	EndProjectSection
EndProject
Global
	GlobalSection(SolutionConfigurationPlatforms) = preSolution
		Debug|Any CPU = Debug|Any CPU
		Release|Any CPU = Release|Any CPU
	EndGlobalSection
	GlobalSection(ProjectConfigurationPlatforms) = postSolution
		{747E4626-063A-48E5-831B-DC3E8921B2FA}.Debug|Any CPU.ActiveCfg = Debug|Any CPU
		{747E4626-063A-48E5-831B-DC3E8921B2FA}.Debug|Any CPU.Build.0 = Debug|Any CPU
		{747E4626-063A-48E5-831B-DC3E8921B2FA}.Release|Any CPU.ActiveCfg = Release|Any CPU
		{747E4626-063A-48E5-831B-DC3E8921B2FA}.Release|Any CPU.Build.0 = Release|Any CPU
		{CEAF3150-043A-4163-AF6F-667DFC29C80C}.Debug|Any CPU.ActiveCfg = Debug|Any CPU
		{CEAF3150-043A-4163-AF6F-667DFC29C80C}.Debug|Any CPU.Build.0 = Debug|Any CPU
		{CEAF3150-043A-4163-AF6F-667DFC29C80C}.Release|Any CPU.ActiveCfg = Release|Any CPU
		{CEAF3150-043A-4163-AF6F-667DFC29C80C}.Release|Any CPU.Build.0 = Release|Any CPU
		{B67A648C-53F9-469D-B122-0F675B6745F6}.Debug|Any CPU.ActiveCfg = Debug|Any CPU
		{B67A648C-53F9-469D-B122-0F675B6745F6}.Debug|Any CPU.Build.0 = Debug|Any CPU
		{B67A648C-53F9-469D-B122-0F675B6745F6}.Release|Any CPU.ActiveCfg = Release|Any CPU
		{B67A648C-53F9-469D-B122-0F675B6745F6}.Release|Any CPU.Build.0 = Release|Any CPU
		{F78F1C73-AFC1-42EA-BA6C-DCC4D6A9C4A4}.Debug|Any CPU.ActiveCfg = Debug|Any CPU
		{F78F1C73-AFC1-42EA-BA6C-DCC4D6A9C4A4}.Debug|Any CPU.Build.0 = Debug|Any CPU
		{F78F1C73-AFC1-42EA-BA6C-DCC4D6A9C4A4}.Release|Any CPU.ActiveCfg = Release|Any CPU
		{F78F1C73-AFC1-42EA-BA6C-DCC4D6A9C4A4}.Release|Any CPU.Build.0 = Release|Any CPU
	EndGlobalSection
	GlobalSection(SolutionProperties) = preSolution
		HideSolutionNode = FALSE
	EndGlobalSection
	GlobalSection(NestedProjects) = preSolution
		{9D5B62E1-B14E-4E83-B919-1826F82904CC} = {D203B4F6-3805-48C2-BB18-17A825EAD7A8}
	EndGlobalSection
	GlobalSection(ExtensibilityGlobals) = postSolution
		SolutionGuid = {73356F3B-DE1F-4484-942A-5762F596E1CD}
	EndGlobalSection
EndGlobal
